// !$*UTF8*$!
{
	archiveVersion = 1;
	classes = {
	};
	objectVersion = 55;
	objects = {

/* Begin PBXBuildFile section */
		754DD83027BF36320070C755 /* AppDelegate.swift in Sources */ = {isa = PBXBuildFile; fileRef = 754DD82F27BF36320070C755 /* AppDelegate.swift */; };
		754DD83227BF36320070C755 /* SceneDelegate.swift in Sources */ = {isa = PBXBuildFile; fileRef = 754DD83127BF36320070C755 /* SceneDelegate.swift */; };
		754DD83427BF36320070C755 /* ViewController.swift in Sources */ = {isa = PBXBuildFile; fileRef = 754DD83327BF36320070C755 /* ViewController.swift */; };
		754DD83727BF36320070C755 /* Main.storyboard in Resources */ = {isa = PBXBuildFile; fileRef = 754DD83527BF36320070C755 /* Main.storyboard */; };
		754DD83927BF36330070C755 /* Assets.xcassets in Resources */ = {isa = PBXBuildFile; fileRef = 754DD83827BF36330070C755 /* Assets.xcassets */; };
		754DD83C27BF36330070C755 /* LaunchScreen.storyboard in Resources */ = {isa = PBXBuildFile; fileRef = 754DD83A27BF36330070C755 /* LaunchScreen.storyboard */; };
		754DD84727BF36340070C755 /* Vagulapuram_CalculatorTests.swift in Sources */ = {isa = PBXBuildFile; fileRef = 754DD84627BF36340070C755 /* Vagulapuram_CalculatorTests.swift */; };
		754DD85127BF36340070C755 /* Vagulapuram_CalculatorUITests.swift in Sources */ = {isa = PBXBuildFile; fileRef = 754DD85027BF36340070C755 /* Vagulapuram_CalculatorUITests.swift */; };
		754DD85327BF36340070C755 /* Vagulapuram_CalculatorUITestsLaunchTests.swift in Sources */ = {isa = PBXBuildFile; fileRef = 754DD85227BF36340070C755 /* Vagulapuram_CalculatorUITestsLaunchTests.swift */; };
/* End PBXBuildFile section */

/* Begin PBXContainerItemProxy section */
		754DD84327BF36340070C755 /* PBXContainerItemProxy */ = {
			isa = PBXContainerItemProxy;
			containerPortal = 754DD82427BF36320070C755 /* Project object */;
			proxyType = 1;
			remoteGlobalIDString = 754DD82B27BF36320070C755;
			remoteInfo = Vagulapuram_Calculator;
		};
		754DD84D27BF36340070C755 /* PBXContainerItemProxy */ = {
			isa = PBXContainerItemProxy;
			containerPortal = 754DD82427BF36320070C755 /* Project object */;
			proxyType = 1;
			remoteGlobalIDString = 754DD82B27BF36320070C755;
			remoteInfo = Vagulapuram_Calculator;
		};
/* End PBXContainerItemProxy section */

/* Begin PBXFileReference section */
		754DD82C27BF36320070C755 /* Vagulapuram_Calculator.app */ = {isa = PBXFileReference; explicitFileType = wrapper.application; includeInIndex = 0; path = Vagulapuram_Calculator.app; sourceTree = BUILT_PRODUCTS_DIR; };
		754DD82F27BF36320070C755 /* AppDelegate.swift */ = {isa = PBXFileReference; lastKnownFileType = sourcecode.swift; path = AppDelegate.swift; sourceTree = "<group>"; };
		754DD83127BF36320070C755 /* SceneDelegate.swift */ = {isa = PBXFileReference; lastKnownFileType = sourcecode.swift; path = SceneDelegate.swift; sourceTree = "<group>"; };
		754DD83327BF36320070C755 /* ViewController.swift */ = {isa = PBXFileReference; lastKnownFileType = sourcecode.swift; path = ViewController.swift; sourceTree = "<group>"; };
		754DD83627BF36320070C755 /* Base */ = {isa = PBXFileReference; lastKnownFileType = file.storyboard; name = Base; path = Base.lproj/Main.storyboard; sourceTree = "<group>"; };
		754DD83827BF36330070C755 /* Assets.xcassets */ = {isa = PBXFileReference; lastKnownFileType = folder.assetcatalog; path = Assets.xcassets; sourceTree = "<group>"; };
		754DD83B27BF36330070C755 /* Base */ = {isa = PBXFileReference; lastKnownFileType = file.storyboard; name = Base; path = Base.lproj/LaunchScreen.storyboard; sourceTree = "<group>"; };
		754DD83D27BF36330070C755 /* Info.plist */ = {isa = PBXFileReference; lastKnownFileType = text.plist.xml; path = Info.plist; sourceTree = "<group>"; };
		754DD84227BF36340070C755 /* Vagulapuram_CalculatorTests.xctest */ = {isa = PBXFileReference; explicitFileType = wrapper.cfbundle; includeInIndex = 0; path = Vagulapuram_CalculatorTests.xctest; sourceTree = BUILT_PRODUCTS_DIR; };
		754DD84627BF36340070C755 /* Vagulapuram_CalculatorTests.swift */ = {isa = PBXFileReference; lastKnownFileType = sourcecode.swift; path = Vagulapuram_CalculatorTests.swift; sourceTree = "<group>"; };
		754DD84C27BF36340070C755 /* Vagulapuram_CalculatorUITests.xctest */ = {isa = PBXFileReference; explicitFileType = wrapper.cfbundle; includeInIndex = 0; path = Vagulapuram_CalculatorUITests.xctest; sourceTree = BUILT_PRODUCTS_DIR; };
		754DD85027BF36340070C755 /* Vagulapuram_CalculatorUITests.swift */ = {isa = PBXFileReference; lastKnownFileType = sourcecode.swift; path = Vagulapuram_CalculatorUITests.swift; sourceTree = "<group>"; };
		754DD85227BF36340070C755 /* Vagulapuram_CalculatorUITestsLaunchTests.swift */ = {isa = PBXFileReference; lastKnownFileType = sourcecode.swift; path = Vagulapuram_CalculatorUITestsLaunchTests.swift; sourceTree = "<group>"; };
/* End PBXFileReference section */

/* Begin PBXFrameworksBuildPhase section */
		754DD82927BF36320070C755 /* Frameworks */ = {
			isa = PBXFrameworksBuildPhase;
			buildActionMask = 2147483647;
			files = (
			);
			runOnlyForDeploymentPostprocessing = 0;
		};
		754DD83F27BF36340070C755 /* Frameworks */ = {
			isa = PBXFrameworksBuildPhase;
			buildActionMask = 2147483647;
			files = (
			);
			runOnlyForDeploymentPostprocessing = 0;
		};
		754DD84927BF36340070C755 /* Frameworks */ = {
			isa = PBXFrameworksBuildPhase;
			buildActionMask = 2147483647;
			files = (
			);
			runOnlyForDeploymentPostprocessing = 0;
		};
/* End PBXFrameworksBuildPhase section */

/* Begin PBXGroup section */
		754DD82327BF36320070C755 = {
			isa = PBXGroup;
			children = (
				754DD82E27BF36320070C755 /* Vagulapuram_Calculator */,
				754DD84527BF36340070C755 /* Vagulapuram_CalculatorTests */,
				754DD84F27BF36340070C755 /* Vagulapuram_CalculatorUITests */,
				754DD82D27BF36320070C755 /* Products */,
			);
			sourceTree = "<group>";
		};
		754DD82D27BF36320070C755 /* Products */ = {
			isa = PBXGroup;
			children = (
				754DD82C27BF36320070C755 /* Vagulapuram_Calculator.app */,
				754DD84227BF36340070C755 /* Vagulapuram_CalculatorTests.xctest */,
				754DD84C27BF36340070C755 /* Vagulapuram_CalculatorUITests.xctest */,
			);
			name = Products;
			sourceTree = "<group>";
		};
		754DD82E27BF36320070C755 /* Vagulapuram_Calculator */ = {
			isa = PBXGroup;
			children = (
				754DD82F27BF36320070C755 /* AppDelegate.swift */,
				754DD83127BF36320070C755 /* SceneDelegate.swift */,
				754DD83327BF36320070C755 /* ViewController.swift */,
				754DD83527BF36320070C755 /* Main.storyboard */,
				754DD83827BF36330070C755 /* Assets.xcassets */,
				754DD83A27BF36330070C755 /* LaunchScreen.storyboard */,
				754DD83D27BF36330070C755 /* Info.plist */,
			);
			path = Vagulapuram_Calculator;
			sourceTree = "<group>";
		};
		754DD84527BF36340070C755 /* Vagulapuram_CalculatorTests */ = {
			isa = PBXGroup;
			children = (
				754DD84627BF36340070C755 /* Vagulapuram_CalculatorTests.swift */,
			);
			path = Vagulapuram_CalculatorTests;
			sourceTree = "<group>";
		};
		754DD84F27BF36340070C755 /* Vagulapuram_CalculatorUITests */ = {
			isa = PBXGroup;
			children = (
				754DD85027BF36340070C755 /* Vagulapuram_CalculatorUITests.swift */,
				754DD85227BF36340070C755 /* Vagulapuram_CalculatorUITestsLaunchTests.swift */,
			);
			path = Vagulapuram_CalculatorUITests;
			sourceTree = "<group>";
		};
/* End PBXGroup section */

/* Begin PBXNativeTarget section */
		754DD82B27BF36320070C755 /* Vagulapuram_Calculator */ = {
			isa = PBXNativeTarget;
			buildConfigurationList = 754DD85627BF36340070C755 /* Build configuration list for PBXNativeTarget "Vagulapuram_Calculator" */;
			buildPhases = (
				754DD82827BF36320070C755 /* Sources */,
				754DD82927BF36320070C755 /* Frameworks */,
				754DD82A27BF36320070C755 /* Resources */,
			);
			buildRules = (
			);
			dependencies = (
			);
			name = Vagulapuram_Calculator;
			productName = Vagulapuram_Calculator;
			productReference = 754DD82C27BF36320070C755 /* Vagulapuram_Calculator.app */;
			productType = "com.apple.product-type.application";
		};
		754DD84127BF36340070C755 /* Vagulapuram_CalculatorTests */ = {
			isa = PBXNativeTarget;
			buildConfigurationList = 754DD85927BF36340070C755 /* Build configuration list for PBXNativeTarget "Vagulapuram_CalculatorTests" */;
			buildPhases = (
				754DD83E27BF36340070C755 /* Sources */,
				754DD83F27BF36340070C755 /* Frameworks */,
				754DD84027BF36340070C755 /* Resources */,
			);
			buildRules = (
			);
			dependencies = (
				754DD84427BF36340070C755 /* PBXTargetDependency */,
			);
			name = Vagulapuram_CalculatorTests;
			productName = Vagulapuram_CalculatorTests;
			productReference = 754DD84227BF36340070C755 /* Vagulapuram_CalculatorTests.xctest */;
			productType = "com.apple.product-type.bundle.unit-test";
		};
		754DD84B27BF36340070C755 /* Vagulapuram_CalculatorUITests */ = {
			isa = PBXNativeTarget;
			buildConfigurationList = 754DD85C27BF36340070C755 /* Build configuration list for PBXNativeTarget "Vagulapuram_CalculatorUITests" */;
			buildPhases = (
				754DD84827BF36340070C755 /* Sources */,
				754DD84927BF36340070C755 /* Frameworks */,
				754DD84A27BF36340070C755 /* Resources */,
			);
			buildRules = (
			);
			dependencies = (
				754DD84E27BF36340070C755 /* PBXTargetDependency */,
			);
			name = Vagulapuram_CalculatorUITests;
			productName = Vagulapuram_CalculatorUITests;
			productReference = 754DD84C27BF36340070C755 /* Vagulapuram_CalculatorUITests.xctest */;
			productType = "com.apple.product-type.bundle.ui-testing";
		};
/* End PBXNativeTarget section */

/* Begin PBXProject section */
		754DD82427BF36320070C755 /* Project object */ = {
			isa = PBXProject;
			attributes = {
				BuildIndependentTargetsInParallel = 1;
				LastSwiftUpdateCheck = 1320;
				LastUpgradeCheck = 1320;
				TargetAttributes = {
					754DD82B27BF36320070C755 = {
						CreatedOnToolsVersion = 13.2.1;
					};
					754DD84127BF36340070C755 = {
						CreatedOnToolsVersion = 13.2.1;
						TestTargetID = 754DD82B27BF36320070C755;
					};
					754DD84B27BF36340070C755 = {
						CreatedOnToolsVersion = 13.2.1;
						TestTargetID = 754DD82B27BF36320070C755;
					};
				};
			};
			buildConfigurationList = 754DD82727BF36320070C755 /* Build configuration list for PBXProject "Vagulapuram_Calculator" */;
			compatibilityVersion = "Xcode 13.0";
			developmentRegion = en;
			hasScannedForEncodings = 0;
			knownRegions = (
				en,
				Base,
			);
			mainGroup = 754DD82327BF36320070C755;
			productRefGroup = 754DD82D27BF36320070C755 /* Products */;
			projectDirPath = "";
			projectRoot = "";
			targets = (
				754DD82B27BF36320070C755 /* Vagulapuram_Calculator */,
				754DD84127BF36340070C755 /* Vagulapuram_CalculatorTests */,
				754DD84B27BF36340070C755 /* Vagulapuram_CalculatorUITests */,
			);
		};
/* End PBXProject section */

/* Begin PBXResourcesBuildPhase section */
		754DD82A27BF36320070C755 /* Resources */ = {
			isa = PBXResourcesBuildPhase;
			buildActionMask = 2147483647;
			files = (
				754DD83C27BF36330070C755 /* LaunchScreen.storyboard in Resources */,
				754DD83927BF36330070C755 /* Assets.xcassets in Resources */,
				754DD83727BF36320070C755 /* Main.storyboard in Resources */,
			);
			runOnlyForDeploymentPostprocessing = 0;
		};
		754DD84027BF36340070C755 /* Resources */ = {
			isa = PBXResourcesBuildPhase;
			buildActionMask = 2147483647;
			files = (
			);
			runOnlyForDeploymentPostprocessing = 0;
		};
		754DD84A27BF36340070C755 /* Resources */ = {
			isa = PBXResourcesBuildPhase;
			buildActionMask = 2147483647;
			files = (
			);
			runOnlyForDeploymentPostprocessing = 0;
		};
/* End PBXResourcesBuildPhase section */

/* Begin PBXSourcesBuildPhase section */
		754DD82827BF36320070C755 /* Sources */ = {
			isa = PBXSourcesBuildPhase;
			buildActionMask = 2147483647;
			files = (
				754DD83427BF36320070C755 /* ViewController.swift in Sources */,
				754DD83027BF36320070C755 /* AppDelegate.swift in Sources */,
				754DD83227BF36320070C755 /* SceneDelegate.swift in Sources */,
			);
			runOnlyForDeploymentPostprocessing = 0;
		};
		754DD83E27BF36340070C755 /* Sources */ = {
			isa = PBXSourcesBuildPhase;
			buildActionMask = 2147483647;
			files = (
				754DD84727BF36340070C755 /* Vagulapuram_CalculatorTests.swift in Sources */,
			);
			runOnlyForDeploymentPostprocessing = 0;
		};
		754DD84827BF36340070C755 /* Sources */ = {
			isa = PBXSourcesBuildPhase;
			buildActionMask = 2147483647;
			files = (
				754DD85327BF36340070C755 /* Vagulapuram_CalculatorUITestsLaunchTests.swift in Sources */,
				754DD85127BF36340070C755 /* Vagulapuram_CalculatorUITests.swift in Sources */,
			);
			runOnlyForDeploymentPostprocessing = 0;
		};
/* End PBXSourcesBuildPhase section */

/* Begin PBXTargetDependency section */
		754DD84427BF36340070C755 /* PBXTargetDependency */ = {
			isa = PBXTargetDependency;
			target = 754DD82B27BF36320070C755 /* Vagulapuram_Calculator */;
			targetProxy = 754DD84327BF36340070C755 /* PBXContainerItemProxy */;
		};
		754DD84E27BF36340070C755 /* PBXTargetDependency */ = {
			isa = PBXTargetDependency;
			target = 754DD82B27BF36320070C755 /* Vagulapuram_Calculator */;
			targetProxy = 754DD84D27BF36340070C755 /* PBXContainerItemProxy */;
		};
/* End PBXTargetDependency section */

/* Begin PBXVariantGroup section */
		754DD83527BF36320070C755 /* Main.storyboard */ = {
			isa = PBXVariantGroup;
			children = (
				754DD83627BF36320070C755 /* Base */,
			);
			name = Main.storyboard;
			sourceTree = "<group>";
		};
		754DD83A27BF36330070C755 /* LaunchScreen.storyboard */ = {
			isa = PBXVariantGroup;
			children = (
				754DD83B27BF36330070C755 /* Base */,
			);
			name = LaunchScreen.storyboard;
			sourceTree = "<group>";
		};
/* End PBXVariantGroup section */

/* Begin XCBuildConfiguration section */
		754DD85427BF36340070C755 /* Debug */ = {
			isa = XCBuildConfiguration;
			buildSettings = {
				ALWAYS_SEARCH_USER_PATHS = NO;
				CLANG_ANALYZER_NONNULL = YES;
				CLANG_ANALYZER_NUMBER_OBJECT_CONVERSION = YES_AGGRESSIVE;
				CLANG_CXX_LANGUAGE_STANDARD = "gnu++17";
				CLANG_CXX_LIBRARY = "libc++";
				CLANG_ENABLE_MODULES = YES;
				CLANG_ENABLE_OBJC_ARC = YES;
				CLANG_ENABLE_OBJC_WEAK = YES;
				CLANG_WARN_BLOCK_CAPTURE_AUTORELEASING = YES;
				CLANG_WARN_BOOL_CONVERSION = YES;
				CLANG_WARN_COMMA = YES;
				CLANG_WARN_CONSTANT_CONVERSION = YES;
				CLANG_WARN_DEPRECATED_OBJC_IMPLEMENTATIONS = YES;
				CLANG_WARN_DIRECT_OBJC_ISA_USAGE = YES_ERROR;
				CLANG_WARN_DOCUMENTATION_COMMENTS = YES;
				CLANG_WARN_EMPTY_BODY = YES;
				CLANG_WARN_ENUM_CONVERSION = YES;
				CLANG_WARN_INFINITE_RECURSION = YES;
				CLANG_WARN_INT_CONVERSION = YES;
				CLANG_WARN_NON_LITERAL_NULL_CONVERSION = YES;
				CLANG_WARN_OBJC_IMPLICIT_RETAIN_SELF = YES;
				CLANG_WARN_OBJC_LITERAL_CONVERSION = YES;
				CLANG_WARN_OBJC_ROOT_CLASS = YES_ERROR;
				CLANG_WARN_QUOTED_INCLUDE_IN_FRAMEWORK_HEADER = YES;
				CLANG_WARN_RANGE_LOOP_ANALYSIS = YES;
				CLANG_WARN_STRICT_PROTOTYPES = YES;
				CLANG_WARN_SUSPICIOUS_MOVE = YES;
				CLANG_WARN_UNGUARDED_AVAILABILITY = YES_AGGRESSIVE;
				CLANG_WARN_UNREACHABLE_CODE = YES;
				CLANG_WARN__DUPLICATE_METHOD_MATCH = YES;
				COPY_PHASE_STRIP = NO;
				DEBUG_INFORMATION_FORMAT = dwarf;
				ENABLE_STRICT_OBJC_MSGSEND = YES;
				ENABLE_TESTABILITY = YES;
				GCC_C_LANGUAGE_STANDARD = gnu11;
				GCC_DYNAMIC_NO_PIC = NO;
				GCC_NO_COMMON_BLOCKS = YES;
				GCC_OPTIMIZATION_LEVEL = 0;
				GCC_PREPROCESSOR_DEFINITIONS = (
					"DEBUG=1",
					"$(inherited)",
				);
				GCC_WARN_64_TO_32_BIT_CONVERSION = YES;
				GCC_WARN_ABOUT_RETURN_TYPE = YES_ERROR;
				GCC_WARN_UNDECLARED_SELECTOR = YES;
				GCC_WARN_UNINITIALIZED_AUTOS = YES_AGGRESSIVE;
				GCC_WARN_UNUSED_FUNCTION = YES;
				GCC_WARN_UNUSED_VARIABLE = YES;
				IPHONEOS_DEPLOYMENT_TARGET = 15.2;
				MTL_ENABLE_DEBUG_INFO = INCLUDE_SOURCE;
				MTL_FAST_MATH = YES;
				ONLY_ACTIVE_ARCH = YES;
				SDKROOT = iphoneos;
				SWIFT_ACTIVE_COMPILATION_CONDITIONS = DEBUG;
				SWIFT_OPTIMIZATION_LEVEL = "-Onone";
			};
			name = Debug;
		};
		754DD85527BF36340070C755 /* Release */ = {
			isa = XCBuildConfiguration;
			buildSettings = {
				ALWAYS_SEARCH_USER_PATHS = NO;
				CLANG_ANALYZER_NONNULL = YES;
				CLANG_ANALYZER_NUMBER_OBJECT_CONVERSION = YES_AGGRESSIVE;
				CLANG_CXX_LANGUAGE_STANDARD = "gnu++17";
				CLANG_CXX_LIBRARY = "libc++";
				CLANG_ENABLE_MODULES = YES;
				CLANG_ENABLE_OBJC_ARC = YES;
				CLANG_ENABLE_OBJC_WEAK = YES;
				CLANG_WARN_BLOCK_CAPTURE_AUTORELEASING = YES;
				CLANG_WARN_BOOL_CONVERSION = YES;
				CLANG_WARN_COMMA = YES;
				CLANG_WARN_CONSTANT_CONVERSION = YES;
				CLANG_WARN_DEPRECATED_OBJC_IMPLEMENTATIONS = YES;
				CLANG_WARN_DIRECT_OBJC_ISA_USAGE = YES_ERROR;
				CLANG_WARN_DOCUMENTATION_COMMENTS = YES;
				CLANG_WARN_EMPTY_BODY = YES;
				CLANG_WARN_ENUM_CONVERSION = YES;
				CLANG_WARN_INFINITE_RECURSION = YES;
				CLANG_WARN_INT_CONVERSION = YES;
				CLANG_WARN_NON_LITERAL_NULL_CONVERSION = YES;
				CLANG_WARN_OBJC_IMPLICIT_RETAIN_SELF = YES;
				CLANG_WARN_OBJC_LITERAL_CONVERSION = YES;
				CLANG_WARN_OBJC_ROOT_CLASS = YES_ERROR;
				CLANG_WARN_QUOTED_INCLUDE_IN_FRAMEWORK_HEADER = YES;
				CLANG_WARN_RANGE_LOOP_ANALYSIS = YES;
				CLANG_WARN_STRICT_PROTOTYPES = YES;
				CLANG_WARN_SUSPICIOUS_MOVE = YES;
				CLANG_WARN_UNGUARDED_AVAILABILITY = YES_AGGRESSIVE;
				CLANG_WARN_UNREACHABLE_CODE = YES;
				CLANG_WARN__DUPLICATE_METHOD_MATCH = YES;
				COPY_PHASE_STRIP = NO;
				DEBUG_INFORMATION_FORMAT = "dwarf-with-dsym";
				ENABLE_NS_ASSERTIONS = NO;
				ENABLE_STRICT_OBJC_MSGSEND = YES;
				GCC_C_LANGUAGE_STANDARD = gnu11;
				GCC_NO_COMMON_BLOCKS = YES;
				GCC_WARN_64_TO_32_BIT_CONVERSION = YES;
				GCC_WARN_ABOUT_RETURN_TYPE = YES_ERROR;
				GCC_WARN_UNDECLARED_SELECTOR = YES;
				GCC_WARN_UNINITIALIZED_AUTOS = YES_AGGRESSIVE;
				GCC_WARN_UNUSED_FUNCTION = YES;
				GCC_WARN_UNUSED_VARIABLE = YES;
				IPHONEOS_DEPLOYMENT_TARGET = 15.2;
				MTL_ENABLE_DEBUG_INFO = NO;
				MTL_FAST_MATH = YES;
				SDKROOT = iphoneos;
				SWIFT_COMPILATION_MODE = wholemodule;
				SWIFT_OPTIMIZATION_LEVEL = "-O";
				VALIDATE_PRODUCT = YES;
			};
			name = Release;
		};
		754DD85727BF36340070C755 /* Debug */ = {
			isa = XCBuildConfiguration;
			buildSettings = {
				ASSETCATALOG_COMPILER_APPICON_NAME = AppIcon;
				ASSETCATALOG_COMPILER_GLOBAL_ACCENT_COLOR_NAME = AccentColor;
				CODE_SIGN_STYLE = Automatic;
				CURRENT_PROJECT_VERSION = 1;
				GENERATE_INFOPLIST_FILE = YES;
				INFOPLIST_FILE = Vagulapuram_Calculator/Info.plist;
				INFOPLIST_KEY_UIApplicationSupportsIndirectInputEvents = YES;
				INFOPLIST_KEY_UILaunchStoryboardName = LaunchScreen;
				INFOPLIST_KEY_UIMainStoryboardFile = Main;
				INFOPLIST_KEY_UISupportedInterfaceOrientations_iPad = "UIInterfaceOrientationPortrait UIInterfaceOrientationPortraitUpsideDown UIInterfaceOrientationLandscapeLeft UIInterfaceOrientationLandscapeRight";
				INFOPLIST_KEY_UISupportedInterfaceOrientations_iPhone = "UIInterfaceOrientationPortrait UIInterfaceOrientationLandscapeLeft UIInterfaceOrientationLandscapeRight";
				LD_RUNPATH_SEARCH_PATHS = (
					"$(inherited)",
					"@executable_path/Frameworks",
				);
				MARKETING_VERSION = 1.0;
				PRODUCT_BUNDLE_IDENTIFIER = "nwmsu.Vagulapuram-Calculator";
				PRODUCT_NAME = "$(TARGET_NAME)";
				SWIFT_EMIT_LOC_STRINGS = YES;
				SWIFT_VERSION = 5.0;
				TARGETED_DEVICE_FAMILY = "1,2";
			};
			name = Debug;
		};
		754DD85827BF36340070C755 /* Release */ = {
			isa = XCBuildConfiguration;
			buildSettings = {
				ASSETCATALOG_COMPILER_APPICON_NAME = AppIcon;
				ASSETCATALOG_COMPILER_GLOBAL_ACCENT_COLOR_NAME = AccentColor;
				CODE_SIGN_STYLE = Automatic;
				CURRENT_PROJECT_VERSION = 1;
				GENERATE_INFOPLIST_FILE = YES;
				INFOPLIST_FILE = Vagulapuram_Calculator/Info.plist;
				INFOPLIST_KEY_UIApplicationSupportsIndirectInputEvents = YES;
				INFOPLIST_KEY_UILaunchStoryboardName = LaunchScreen;
				INFOPLIST_KEY_UIMainStoryboardFile = Main;
				INFOPLIST_KEY_UISupportedInterfaceOrientations_iPad = "UIInterfaceOrientationPortrait UIInterfaceOrientationPortraitUpsideDown UIInterfaceOrientationLandscapeLeft UIInterfaceOrientationLandscapeRight";
				INFOPLIST_KEY_UISupportedInterfaceOrientations_iPhone = "UIInterfaceOrientationPortrait UIInterfaceOrientationLandscapeLeft UIInterfaceOrientationLandscapeRight";
				LD_RUNPATH_SEARCH_PATHS = (
					"$(inherited)",
					"@executable_path/Frameworks",
				);
				MARKETING_VERSION = 1.0;
				PRODUCT_BUNDLE_IDENTIFIER = "nwmsu.Vagulapuram-Calculator";
				PRODUCT_NAME = "$(TARGET_NAME)";
				SWIFT_EMIT_LOC_STRINGS = YES;
				SWIFT_VERSION = 5.0;
				TARGETED_DEVICE_FAMILY = "1,2";
			};
			name = Release;
		};
		754DD85A27BF36340070C755 /* Debug */ = {
			isa = XCBuildConfiguration;
			buildSettings = {
				ALWAYS_EMBED_SWIFT_STANDARD_LIBRARIES = YES;
				BUNDLE_LOADER = "$(TEST_HOST)";
				CODE_SIGN_STYLE = Automatic;
				CURRENT_PROJECT_VERSION = 1;
				GENERATE_INFOPLIST_FILE = YES;
				IPHONEOS_DEPLOYMENT_TARGET = 15.2;
				MARKETING_VERSION = 1.0;
				PRODUCT_BUNDLE_IDENTIFIER = "nwmsu.Vagulapuram-CalculatorTests";
				PRODUCT_NAME = "$(TARGET_NAME)";
				SWIFT_EMIT_LOC_STRINGS = NO;
				SWIFT_VERSION = 5.0;
				TARGETED_DEVICE_FAMILY = "1,2";
				TEST_HOST = "$(BUILT_PRODUCTS_DIR)/Vagulapuram_Calculator.app/Vagulapuram_Calculator";
			};
			name = Debug;
		};
		754DD85B27BF36340070C755 /* Release */ = {
			isa = XCBuildConfiguration;
			buildSettings = {
				ALWAYS_EMBED_SWIFT_STANDARD_LIBRARIES = YES;
				BUNDLE_LOADER = "$(TEST_HOST)";
				CODE_SIGN_STYLE = Automatic;
				CURRENT_PROJECT_VERSION = 1;
				GENERATE_INFOPLIST_FILE = YES;
				IPHONEOS_DEPLOYMENT_TARGET = 15.2;
				MARKETING_VERSION = 1.0;
				PRODUCT_BUNDLE_IDENTIFIER = "nwmsu.Vagulapuram-CalculatorTests";
				PRODUCT_NAME = "$(TARGET_NAME)";
				SWIFT_EMIT_LOC_STRINGS = NO;
				SWIFT_VERSION = 5.0;
				TARGETED_DEVICE_FAMILY = "1,2";
				TEST_HOST = "$(BUILT_PRODUCTS_DIR)/Vagulapuram_Calculator.app/Vagulapuram_Calculator";
			};
			name = Release;
		};
		754DD85D27BF36340070C755 /* Debug */ = {
			isa = XCBuildConfiguration;
			buildSettings = {
				ALWAYS_EMBED_SWIFT_STANDARD_LIBRARIES = YES;
				CODE_SIGN_STYLE = Automatic;
				CURRENT_PROJECT_VERSION = 1;
				GENERATE_INFOPLIST_FILE = YES;
				MARKETING_VERSION = 1.0;
				PRODUCT_BUNDLE_IDENTIFIER = "nwmsu.Vagulapuram-CalculatorUITests";
				PRODUCT_NAME = "$(TARGET_NAME)";
				SWIFT_EMIT_LOC_STRINGS = NO;
				SWIFT_VERSION = 5.0;
				TARGETED_DEVICE_FAMILY = "1,2";
				TEST_TARGET_NAME = Vagulapuram_Calculator;
			};
			name = Debug;
		};
		754DD85E27BF36340070C755 /* Release */ = {
			isa = XCBuildConfiguration;
			buildSettings = {
				ALWAYS_EMBED_SWIFT_STANDARD_LIBRARIES = YES;
				CODE_SIGN_STYLE = Automatic;
				CURRENT_PROJECT_VERSION = 1;
				GENERATE_INFOPLIST_FILE = YES;
				MARKETING_VERSION = 1.0;
				PRODUCT_BUNDLE_IDENTIFIER = "nwmsu.Vagulapuram-CalculatorUITests";
				PRODUCT_NAME = "$(TARGET_NAME)";
				SWIFT_EMIT_LOC_STRINGS = NO;
				SWIFT_VERSION = 5.0;
				TARGETED_DEVICE_FAMILY = "1,2";
				TEST_TARGET_NAME = Vagulapuram_Calculator;
			};
			name = Release;
		};
/* End XCBuildConfiguration section */

/* Begin XCConfigurationList section */
		754DD82727BF36320070C755 /* Build configuration list for PBXProject "Vagulapuram_Calculator" */ = {
			isa = XCConfigurationList;
			buildConfigurations = (
				754DD85427BF36340070C755 /* Debug */,
				754DD85527BF36340070C755 /* Release */,
			);
			defaultConfigurationIsVisible = 0;
			defaultConfigurationName = Release;
		};
		754DD85627BF36340070C755 /* Build configuration list for PBXNativeTarget "Vagulapuram_Calculator" */ = {
			isa = XCConfigurationList;
			buildConfigurations = (
				754DD85727BF36340070C755 /* Debug */,
				754DD85827BF36340070C755 /* Release */,
			);
			defaultConfigurationIsVisible = 0;
			defaultConfigurationName = Release;
		};
		754DD85927BF36340070C755 /* Build configuration list for PBXNativeTarget "Vagulapuram_CalculatorTests" */ = {
			isa = XCConfigurationList;
			buildConfigurations = (
				754DD85A27BF36340070C755 /* Debug */,
				754DD85B27BF36340070C755 /* Release */,
			);
			defaultConfigurationIsVisible = 0;
			defaultConfigurationName = Release;
		};
		754DD85C27BF36340070C755 /* Build configuration list for PBXNativeTarget "Vagulapuram_CalculatorUITests" */ = {
			isa = XCConfigurationList;
			buildConfigurations = (
				754DD85D27BF36340070C755 /* Debug */,
				754DD85E27BF36340070C755 /* Release */,
			);
			defaultConfigurationIsVisible = 0;
			defaultConfigurationName = Release;
		};
/* End XCConfigurationList section */
	};
	rootObject = 754DD82427BF36320070C755 /* Project object */;
}
