// !$*UTF8*$!
{
	archiveVersion = 1;
	classes = {
	};
	objectVersion = 55;
	objects = {

/* Begin PBXBuildFile section */
		7592583F27A095B700D3E07C /* AppDelegate.swift in Sources */ = {isa = PBXBuildFile; fileRef = 7592583E27A095B700D3E07C /* AppDelegate.swift */; };
		7592584127A095B700D3E07C /* SceneDelegate.swift in Sources */ = {isa = PBXBuildFile; fileRef = 7592584027A095B700D3E07C /* SceneDelegate.swift */; };
		7592584327A095B700D3E07C /* ViewController.swift in Sources */ = {isa = PBXBuildFile; fileRef = 7592584227A095B700D3E07C /* ViewController.swift */; };
		7592584627A095B700D3E07C /* Main.storyboard in Resources */ = {isa = PBXBuildFile; fileRef = 7592584427A095B700D3E07C /* Main.storyboard */; };
		7592584827A095B900D3E07C /* Assets.xcassets in Resources */ = {isa = PBXBuildFile; fileRef = 7592584727A095B900D3E07C /* Assets.xcassets */; };
		7592584B27A095B900D3E07C /* LaunchScreen.storyboard in Resources */ = {isa = PBXBuildFile; fileRef = 7592584927A095B900D3E07C /* LaunchScreen.storyboard */; };
		7592585627A095BA00D3E07C /* VowelsAppTests.swift in Sources */ = {isa = PBXBuildFile; fileRef = 7592585527A095BA00D3E07C /* VowelsAppTests.swift */; };
		7592586027A095BA00D3E07C /* VowelsAppUITests.swift in Sources */ = {isa = PBXBuildFile; fileRef = 7592585F27A095BA00D3E07C /* VowelsAppUITests.swift */; };
		7592586227A095BA00D3E07C /* VowelsAppUITestsLaunchTests.swift in Sources */ = {isa = PBXBuildFile; fileRef = 7592586127A095BA00D3E07C /* VowelsAppUITestsLaunchTests.swift */; };
/* End PBXBuildFile section */

/* Begin PBXContainerItemProxy section */
		7592585227A095B900D3E07C /* PBXContainerItemProxy */ = {
			isa = PBXContainerItemProxy;
			containerPortal = 7592583327A095B700D3E07C /* Project object */;
			proxyType = 1;
			remoteGlobalIDString = 7592583A27A095B700D3E07C;
			remoteInfo = VowelsApp;
		};
		7592585C27A095BA00D3E07C /* PBXContainerItemProxy */ = {
			isa = PBXContainerItemProxy;
			containerPortal = 7592583327A095B700D3E07C /* Project object */;
			proxyType = 1;
			remoteGlobalIDString = 7592583A27A095B700D3E07C;
			remoteInfo = VowelsApp;
		};
/* End PBXContainerItemProxy section */

/* Begin PBXFileReference section */
		7592583B27A095B700D3E07C /* VowelsApp.app */ = {isa = PBXFileReference; explicitFileType = wrapper.application; includeInIndex = 0; path = VowelsApp.app; sourceTree = BUILT_PRODUCTS_DIR; };
		7592583E27A095B700D3E07C /* AppDelegate.swift */ = {isa = PBXFileReference; lastKnownFileType = sourcecode.swift; path = AppDelegate.swift; sourceTree = "<group>"; };
		7592584027A095B700D3E07C /* SceneDelegate.swift */ = {isa = PBXFileReference; lastKnownFileType = sourcecode.swift; path = SceneDelegate.swift; sourceTree = "<group>"; };
		7592584227A095B700D3E07C /* ViewController.swift */ = {isa = PBXFileReference; lastKnownFileType = sourcecode.swift; path = ViewController.swift; sourceTree = "<group>"; };
		7592584527A095B700D3E07C /* Base */ = {isa = PBXFileReference; lastKnownFileType = file.storyboard; name = Base; path = Base.lproj/Main.storyboard; sourceTree = "<group>"; };
		7592584727A095B900D3E07C /* Assets.xcassets */ = {isa = PBXFileReference; lastKnownFileType = folder.assetcatalog; path = Assets.xcassets; sourceTree = "<group>"; };
		7592584A27A095B900D3E07C /* Base */ = {isa = PBXFileReference; lastKnownFileType = file.storyboard; name = Base; path = Base.lproj/LaunchScreen.storyboard; sourceTree = "<group>"; };
		7592584C27A095B900D3E07C /* Info.plist */ = {isa = PBXFileReference; lastKnownFileType = text.plist.xml; path = Info.plist; sourceTree = "<group>"; };
		7592585127A095B900D3E07C /* VowelsAppTests.xctest */ = {isa = PBXFileReference; explicitFileType = wrapper.cfbundle; includeInIndex = 0; path = VowelsAppTests.xctest; sourceTree = BUILT_PRODUCTS_DIR; };
		7592585527A095BA00D3E07C /* VowelsAppTests.swift */ = {isa = PBXFileReference; lastKnownFileType = sourcecode.swift; path = VowelsAppTests.swift; sourceTree = "<group>"; };
		7592585B27A095BA00D3E07C /* VowelsAppUITests.xctest */ = {isa = PBXFileReference; explicitFileType = wrapper.cfbundle; includeInIndex = 0; path = VowelsAppUITests.xctest; sourceTree = BUILT_PRODUCTS_DIR; };
		7592585F27A095BA00D3E07C /* VowelsAppUITests.swift */ = {isa = PBXFileReference; lastKnownFileType = sourcecode.swift; path = VowelsAppUITests.swift; sourceTree = "<group>"; };
		7592586127A095BA00D3E07C /* VowelsAppUITestsLaunchTests.swift */ = {isa = PBXFileReference; lastKnownFileType = sourcecode.swift; path = VowelsAppUITestsLaunchTests.swift; sourceTree = "<group>"; };
/* End PBXFileReference section */

/* Begin PBXFrameworksBuildPhase section */
		7592583827A095B700D3E07C /* Frameworks */ = {
			isa = PBXFrameworksBuildPhase;
			buildActionMask = 2147483647;
			files = (
			);
			runOnlyForDeploymentPostprocessing = 0;
		};
		7592584E27A095B900D3E07C /* Frameworks */ = {
			isa = PBXFrameworksBuildPhase;
			buildActionMask = 2147483647;
			files = (
			);
			runOnlyForDeploymentPostprocessing = 0;
		};
		7592585827A095BA00D3E07C /* Frameworks */ = {
			isa = PBXFrameworksBuildPhase;
			buildActionMask = 2147483647;
			files = (
			);
			runOnlyForDeploymentPostprocessing = 0;
		};
/* End PBXFrameworksBuildPhase section */

/* Begin PBXGroup section */
		7592583227A095B700D3E07C = {
			isa = PBXGroup;
			children = (
				7592583D27A095B700D3E07C /* VowelsApp */,
				7592585427A095BA00D3E07C /* VowelsAppTests */,
				7592585E27A095BA00D3E07C /* VowelsAppUITests */,
				7592583C27A095B700D3E07C /* Products */,
			);
			sourceTree = "<group>";
		};
		7592583C27A095B700D3E07C /* Products */ = {
			isa = PBXGroup;
			children = (
				7592583B27A095B700D3E07C /* VowelsApp.app */,
				7592585127A095B900D3E07C /* VowelsAppTests.xctest */,
				7592585B27A095BA00D3E07C /* VowelsAppUITests.xctest */,
			);
			name = Products;
			sourceTree = "<group>";
		};
		7592583D27A095B700D3E07C /* VowelsApp */ = {
			isa = PBXGroup;
			children = (
				7592583E27A095B700D3E07C /* AppDelegate.swift */,
				7592584027A095B700D3E07C /* SceneDelegate.swift */,
				7592584227A095B700D3E07C /* ViewController.swift */,
				7592584427A095B700D3E07C /* Main.storyboard */,
				7592584727A095B900D3E07C /* Assets.xcassets */,
				7592584927A095B900D3E07C /* LaunchScreen.storyboard */,
				7592584C27A095B900D3E07C /* Info.plist */,
			);
			path = VowelsApp;
			sourceTree = "<group>";
		};
		7592585427A095BA00D3E07C /* VowelsAppTests */ = {
			isa = PBXGroup;
			children = (
				7592585527A095BA00D3E07C /* VowelsAppTests.swift */,
			);
			path = VowelsAppTests;
			sourceTree = "<group>";
		};
		7592585E27A095BA00D3E07C /* VowelsAppUITests */ = {
			isa = PBXGroup;
			children = (
				7592585F27A095BA00D3E07C /* VowelsAppUITests.swift */,
				7592586127A095BA00D3E07C /* VowelsAppUITestsLaunchTests.swift */,
			);
			path = VowelsAppUITests;
			sourceTree = "<group>";
		};
/* End PBXGroup section */

/* Begin PBXNativeTarget section */
		7592583A27A095B700D3E07C /* VowelsApp */ = {
			isa = PBXNativeTarget;
			buildConfigurationList = 7592586527A095BA00D3E07C /* Build configuration list for PBXNativeTarget "VowelsApp" */;
			buildPhases = (
				7592583727A095B700D3E07C /* Sources */,
				7592583827A095B700D3E07C /* Frameworks */,
				7592583927A095B700D3E07C /* Resources */,
			);
			buildRules = (
			);
			dependencies = (
			);
			name = VowelsApp;
			productName = VowelsApp;
			productReference = 7592583B27A095B700D3E07C /* VowelsApp.app */;
			productType = "com.apple.product-type.application";
		};
		7592585027A095B900D3E07C /* VowelsAppTests */ = {
			isa = PBXNativeTarget;
			buildConfigurationList = 7592586827A095BA00D3E07C /* Build configuration list for PBXNativeTarget "VowelsAppTests" */;
			buildPhases = (
				7592584D27A095B900D3E07C /* Sources */,
				7592584E27A095B900D3E07C /* Frameworks */,
				7592584F27A095B900D3E07C /* Resources */,
			);
			buildRules = (
			);
			dependencies = (
				7592585327A095B900D3E07C /* PBXTargetDependency */,
			);
			name = VowelsAppTests;
			productName = VowelsAppTests;
			productReference = 7592585127A095B900D3E07C /* VowelsAppTests.xctest */;
			productType = "com.apple.product-type.bundle.unit-test";
		};
		7592585A27A095BA00D3E07C /* VowelsAppUITests */ = {
			isa = PBXNativeTarget;
			buildConfigurationList = 7592586B27A095BA00D3E07C /* Build configuration list for PBXNativeTarget "VowelsAppUITests" */;
			buildPhases = (
				7592585727A095BA00D3E07C /* Sources */,
				7592585827A095BA00D3E07C /* Frameworks */,
				7592585927A095BA00D3E07C /* Resources */,
			);
			buildRules = (
			);
			dependencies = (
				7592585D27A095BA00D3E07C /* PBXTargetDependency */,
			);
			name = VowelsAppUITests;
			productName = VowelsAppUITests;
			productReference = 7592585B27A095BA00D3E07C /* VowelsAppUITests.xctest */;
			productType = "com.apple.product-type.bundle.ui-testing";
		};
/* End PBXNativeTarget section */

/* Begin PBXProject section */
		7592583327A095B700D3E07C /* Project object */ = {
			isa = PBXProject;
			attributes = {
				BuildIndependentTargetsInParallel = 1;
				LastSwiftUpdateCheck = 1320;
				LastUpgradeCheck = 1320;
				TargetAttributes = {
					7592583A27A095B700D3E07C = {
						CreatedOnToolsVersion = 13.2.1;
					};
					7592585027A095B900D3E07C = {
						CreatedOnToolsVersion = 13.2.1;
						TestTargetID = 7592583A27A095B700D3E07C;
					};
					7592585A27A095BA00D3E07C = {
						CreatedOnToolsVersion = 13.2.1;
						TestTargetID = 7592583A27A095B700D3E07C;
					};
				};
			};
			buildConfigurationList = 7592583627A095B700D3E07C /* Build configuration list for PBXProject "VowelsApp" */;
			compatibilityVersion = "Xcode 13.0";
			developmentRegion = en;
			hasScannedForEncodings = 0;
			knownRegions = (
				en,
				Base,
			);
			mainGroup = 7592583227A095B700D3E07C;
			productRefGroup = 7592583C27A095B700D3E07C /* Products */;
			projectDirPath = "";
			projectRoot = "";
			targets = (
				7592583A27A095B700D3E07C /* VowelsApp */,
				7592585027A095B900D3E07C /* VowelsAppTests */,
				7592585A27A095BA00D3E07C /* VowelsAppUITests */,
			);
		};
/* End PBXProject section */

/* Begin PBXResourcesBuildPhase section */
		7592583927A095B700D3E07C /* Resources */ = {
			isa = PBXResourcesBuildPhase;
			buildActionMask = 2147483647;
			files = (
				7592584B27A095B900D3E07C /* LaunchScreen.storyboard in Resources */,
				7592584827A095B900D3E07C /* Assets.xcassets in Resources */,
				7592584627A095B700D3E07C /* Main.storyboard in Resources */,
			);
			runOnlyForDeploymentPostprocessing = 0;
		};
		7592584F27A095B900D3E07C /* Resources */ = {
			isa = PBXResourcesBuildPhase;
			buildActionMask = 2147483647;
			files = (
			);
			runOnlyForDeploymentPostprocessing = 0;
		};
		7592585927A095BA00D3E07C /* Resources */ = {
			isa = PBXResourcesBuildPhase;
			buildActionMask = 2147483647;
			files = (
			);
			runOnlyForDeploymentPostprocessing = 0;
		};
/* End PBXResourcesBuildPhase section */

/* Begin PBXSourcesBuildPhase section */
		7592583727A095B700D3E07C /* Sources */ = {
			isa = PBXSourcesBuildPhase;
			buildActionMask = 2147483647;
			files = (
				7592584327A095B700D3E07C /* ViewController.swift in Sources */,
				7592583F27A095B700D3E07C /* AppDelegate.swift in Sources */,
				7592584127A095B700D3E07C /* SceneDelegate.swift in Sources */,
			);
			runOnlyForDeploymentPostprocessing = 0;
		};
		7592584D27A095B900D3E07C /* Sources */ = {
			isa = PBXSourcesBuildPhase;
			buildActionMask = 2147483647;
			files = (
				7592585627A095BA00D3E07C /* VowelsAppTests.swift in Sources */,
			);
			runOnlyForDeploymentPostprocessing = 0;
		};
		7592585727A095BA00D3E07C /* Sources */ = {
			isa = PBXSourcesBuildPhase;
			buildActionMask = 2147483647;
			files = (
				7592586227A095BA00D3E07C /* VowelsAppUITestsLaunchTests.swift in Sources */,
				7592586027A095BA00D3E07C /* VowelsAppUITests.swift in Sources */,
			);
			runOnlyForDeploymentPostprocessing = 0;
		};
/* End PBXSourcesBuildPhase section */

/* Begin PBXTargetDependency section */
		7592585327A095B900D3E07C /* PBXTargetDependency */ = {
			isa = PBXTargetDependency;
			target = 7592583A27A095B700D3E07C /* VowelsApp */;
			targetProxy = 7592585227A095B900D3E07C /* PBXContainerItemProxy */;
		};
		7592585D27A095BA00D3E07C /* PBXTargetDependency */ = {
			isa = PBXTargetDependency;
			target = 7592583A27A095B700D3E07C /* VowelsApp */;
			targetProxy = 7592585C27A095BA00D3E07C /* PBXContainerItemProxy */;
		};
/* End PBXTargetDependency section */

/* Begin PBXVariantGroup section */
		7592584427A095B700D3E07C /* Main.storyboard */ = {
			isa = PBXVariantGroup;
			children = (
				7592584527A095B700D3E07C /* Base */,
			);
			name = Main.storyboard;
			sourceTree = "<group>";
		};
		7592584927A095B900D3E07C /* LaunchScreen.storyboard */ = {
			isa = PBXVariantGroup;
			children = (
				7592584A27A095B900D3E07C /* Base */,
			);
			name = LaunchScreen.storyboard;
			sourceTree = "<group>";
		};
/* End PBXVariantGroup section */

/* Begin XCBuildConfiguration section */
		7592586327A095BA00D3E07C /* Debug */ = {
			isa = XCBuildConfiguration;
			buildSettings = {
				ALWAYS_SEARCH_USER_PATHS = NO;
				CLANG_ANALYZER_NONNULL = YES;
				CLANG_ANALYZER_NUMBER_OBJECT_CONVERSION = YES_AGGRESSIVE;
				CLANG_CXX_LANGUAGE_STANDARD = "gnu++17";
				CLANG_CXX_LIBRARY = "libc++";
				CLANG_ENABLE_MODULES = YES;
				CLANG_ENABLE_OBJC_ARC = YES;
				CLANG_ENABLE_OBJC_WEAK = YES;
				CLANG_WARN_BLOCK_CAPTURE_AUTORELEASING = YES;
				CLANG_WARN_BOOL_CONVERSION = YES;
				CLANG_WARN_COMMA = YES;
				CLANG_WARN_CONSTANT_CONVERSION = YES;
				CLANG_WARN_DEPRECATED_OBJC_IMPLEMENTATIONS = YES;
				CLANG_WARN_DIRECT_OBJC_ISA_USAGE = YES_ERROR;
				CLANG_WARN_DOCUMENTATION_COMMENTS = YES;
				CLANG_WARN_EMPTY_BODY = YES;
				CLANG_WARN_ENUM_CONVERSION = YES;
				CLANG_WARN_INFINITE_RECURSION = YES;
				CLANG_WARN_INT_CONVERSION = YES;
				CLANG_WARN_NON_LITERAL_NULL_CONVERSION = YES;
				CLANG_WARN_OBJC_IMPLICIT_RETAIN_SELF = YES;
				CLANG_WARN_OBJC_LITERAL_CONVERSION = YES;
				CLANG_WARN_OBJC_ROOT_CLASS = YES_ERROR;
				CLANG_WARN_QUOTED_INCLUDE_IN_FRAMEWORK_HEADER = YES;
				CLANG_WARN_RANGE_LOOP_ANALYSIS = YES;
				CLANG_WARN_STRICT_PROTOTYPES = YES;
				CLANG_WARN_SUSPICIOUS_MOVE = YES;
				CLANG_WARN_UNGUARDED_AVAILABILITY = YES_AGGRESSIVE;
				CLANG_WARN_UNREACHABLE_CODE = YES;
				CLANG_WARN__DUPLICATE_METHOD_MATCH = YES;
				COPY_PHASE_STRIP = NO;
				DEBUG_INFORMATION_FORMAT = dwarf;
				ENABLE_STRICT_OBJC_MSGSEND = YES;
				ENABLE_TESTABILITY = YES;
				GCC_C_LANGUAGE_STANDARD = gnu11;
				GCC_DYNAMIC_NO_PIC = NO;
				GCC_NO_COMMON_BLOCKS = YES;
				GCC_OPTIMIZATION_LEVEL = 0;
				GCC_PREPROCESSOR_DEFINITIONS = (
					"DEBUG=1",
					"$(inherited)",
				);
				GCC_WARN_64_TO_32_BIT_CONVERSION = YES;
				GCC_WARN_ABOUT_RETURN_TYPE = YES_ERROR;
				GCC_WARN_UNDECLARED_SELECTOR = YES;
				GCC_WARN_UNINITIALIZED_AUTOS = YES_AGGRESSIVE;
				GCC_WARN_UNUSED_FUNCTION = YES;
				GCC_WARN_UNUSED_VARIABLE = YES;
				IPHONEOS_DEPLOYMENT_TARGET = 15.2;
				MTL_ENABLE_DEBUG_INFO = INCLUDE_SOURCE;
				MTL_FAST_MATH = YES;
				ONLY_ACTIVE_ARCH = YES;
				SDKROOT = iphoneos;
				SWIFT_ACTIVE_COMPILATION_CONDITIONS = DEBUG;
				SWIFT_OPTIMIZATION_LEVEL = "-Onone";
			};
			name = Debug;
		};
		7592586427A095BA00D3E07C /* Release */ = {
			isa = XCBuildConfiguration;
			buildSettings = {
				ALWAYS_SEARCH_USER_PATHS = NO;
				CLANG_ANALYZER_NONNULL = YES;
				CLANG_ANALYZER_NUMBER_OBJECT_CONVERSION = YES_AGGRESSIVE;
				CLANG_CXX_LANGUAGE_STANDARD = "gnu++17";
				CLANG_CXX_LIBRARY = "libc++";
				CLANG_ENABLE_MODULES = YES;
				CLANG_ENABLE_OBJC_ARC = YES;
				CLANG_ENABLE_OBJC_WEAK = YES;
				CLANG_WARN_BLOCK_CAPTURE_AUTORELEASING = YES;
				CLANG_WARN_BOOL_CONVERSION = YES;
				CLANG_WARN_COMMA = YES;
				CLANG_WARN_CONSTANT_CONVERSION = YES;
				CLANG_WARN_DEPRECATED_OBJC_IMPLEMENTATIONS = YES;
				CLANG_WARN_DIRECT_OBJC_ISA_USAGE = YES_ERROR;
				CLANG_WARN_DOCUMENTATION_COMMENTS = YES;
				CLANG_WARN_EMPTY_BODY = YES;
				CLANG_WARN_ENUM_CONVERSION = YES;
				CLANG_WARN_INFINITE_RECURSION = YES;
				CLANG_WARN_INT_CONVERSION = YES;
				CLANG_WARN_NON_LITERAL_NULL_CONVERSION = YES;
				CLANG_WARN_OBJC_IMPLICIT_RETAIN_SELF = YES;
				CLANG_WARN_OBJC_LITERAL_CONVERSION = YES;
				CLANG_WARN_OBJC_ROOT_CLASS = YES_ERROR;
				CLANG_WARN_QUOTED_INCLUDE_IN_FRAMEWORK_HEADER = YES;
				CLANG_WARN_RANGE_LOOP_ANALYSIS = YES;
				CLANG_WARN_STRICT_PROTOTYPES = YES;
				CLANG_WARN_SUSPICIOUS_MOVE = YES;
				CLANG_WARN_UNGUARDED_AVAILABILITY = YES_AGGRESSIVE;
				CLANG_WARN_UNREACHABLE_CODE = YES;
				CLANG_WARN__DUPLICATE_METHOD_MATCH = YES;
				COPY_PHASE_STRIP = NO;
				DEBUG_INFORMATION_FORMAT = "dwarf-with-dsym";
				ENABLE_NS_ASSERTIONS = NO;
				ENABLE_STRICT_OBJC_MSGSEND = YES;
				GCC_C_LANGUAGE_STANDARD = gnu11;
				GCC_NO_COMMON_BLOCKS = YES;
				GCC_WARN_64_TO_32_BIT_CONVERSION = YES;
				GCC_WARN_ABOUT_RETURN_TYPE = YES_ERROR;
				GCC_WARN_UNDECLARED_SELECTOR = YES;
				GCC_WARN_UNINITIALIZED_AUTOS = YES_AGGRESSIVE;
				GCC_WARN_UNUSED_FUNCTION = YES;
				GCC_WARN_UNUSED_VARIABLE = YES;
				IPHONEOS_DEPLOYMENT_TARGET = 15.2;
				MTL_ENABLE_DEBUG_INFO = NO;
				MTL_FAST_MATH = YES;
				SDKROOT = iphoneos;
				SWIFT_COMPILATION_MODE = wholemodule;
				SWIFT_OPTIMIZATION_LEVEL = "-O";
				VALIDATE_PRODUCT = YES;
			};
			name = Release;
		};
		7592586627A095BA00D3E07C /* Debug */ = {
			isa = XCBuildConfiguration;
			buildSettings = {
				ASSETCATALOG_COMPILER_APPICON_NAME = AppIcon;
				ASSETCATALOG_COMPILER_GLOBAL_ACCENT_COLOR_NAME = AccentColor;
				CODE_SIGN_STYLE = Automatic;
				CURRENT_PROJECT_VERSION = 1;
				GENERATE_INFOPLIST_FILE = YES;
				INFOPLIST_FILE = VowelsApp/Info.plist;
				INFOPLIST_KEY_UIApplicationSupportsIndirectInputEvents = YES;
				INFOPLIST_KEY_UILaunchStoryboardName = LaunchScreen;
				INFOPLIST_KEY_UIMainStoryboardFile = Main;
				INFOPLIST_KEY_UISupportedInterfaceOrientations_iPad = "UIInterfaceOrientationPortrait UIInterfaceOrientationPortraitUpsideDown UIInterfaceOrientationLandscapeLeft UIInterfaceOrientationLandscapeRight";
				INFOPLIST_KEY_UISupportedInterfaceOrientations_iPhone = "UIInterfaceOrientationPortrait UIInterfaceOrientationLandscapeLeft UIInterfaceOrientationLandscapeRight";
				LD_RUNPATH_SEARCH_PATHS = (
					"$(inherited)",
					"@executable_path/Frameworks",
				);
				MARKETING_VERSION = 1.0;
				PRODUCT_BUNDLE_IDENTIFIER = NWMSU.VowelsApp;
				PRODUCT_NAME = "$(TARGET_NAME)";
				SWIFT_EMIT_LOC_STRINGS = YES;
				SWIFT_VERSION = 5.0;
				TARGETED_DEVICE_FAMILY = "1,2";
			};
			name = Debug;
		};
		7592586727A095BA00D3E07C /* Release */ = {
			isa = XCBuildConfiguration;
			buildSettings = {
				ASSETCATALOG_COMPILER_APPICON_NAME = AppIcon;
				ASSETCATALOG_COMPILER_GLOBAL_ACCENT_COLOR_NAME = AccentColor;
				CODE_SIGN_STYLE = Automatic;
				CURRENT_PROJECT_VERSION = 1;
				GENERATE_INFOPLIST_FILE = YES;
				INFOPLIST_FILE = VowelsApp/Info.plist;
				INFOPLIST_KEY_UIApplicationSupportsIndirectInputEvents = YES;
				INFOPLIST_KEY_UILaunchStoryboardName = LaunchScreen;
				INFOPLIST_KEY_UIMainStoryboardFile = Main;
				INFOPLIST_KEY_UISupportedInterfaceOrientations_iPad = "UIInterfaceOrientationPortrait UIInterfaceOrientationPortraitUpsideDown UIInterfaceOrientationLandscapeLeft UIInterfaceOrientationLandscapeRight";
				INFOPLIST_KEY_UISupportedInterfaceOrientations_iPhone = "UIInterfaceOrientationPortrait UIInterfaceOrientationLandscapeLeft UIInterfaceOrientationLandscapeRight";
				LD_RUNPATH_SEARCH_PATHS = (
					"$(inherited)",
					"@executable_path/Frameworks",
				);
				MARKETING_VERSION = 1.0;
				PRODUCT_BUNDLE_IDENTIFIER = NWMSU.VowelsApp;
				PRODUCT_NAME = "$(TARGET_NAME)";
				SWIFT_EMIT_LOC_STRINGS = YES;
				SWIFT_VERSION = 5.0;
				TARGETED_DEVICE_FAMILY = "1,2";
			};
			name = Release;
		};
		7592586927A095BA00D3E07C /* Debug */ = {
			isa = XCBuildConfiguration;
			buildSettings = {
				ALWAYS_EMBED_SWIFT_STANDARD_LIBRARIES = YES;
				BUNDLE_LOADER = "$(TEST_HOST)";
				CODE_SIGN_STYLE = Automatic;
				CURRENT_PROJECT_VERSION = 1;
				GENERATE_INFOPLIST_FILE = YES;
				IPHONEOS_DEPLOYMENT_TARGET = 15.2;
				MARKETING_VERSION = 1.0;
				PRODUCT_BUNDLE_IDENTIFIER = NWMSU.VowelsAppTests;
				PRODUCT_NAME = "$(TARGET_NAME)";
				SWIFT_EMIT_LOC_STRINGS = NO;
				SWIFT_VERSION = 5.0;
				TARGETED_DEVICE_FAMILY = "1,2";
				TEST_HOST = "$(BUILT_PRODUCTS_DIR)/VowelsApp.app/VowelsApp";
			};
			name = Debug;
		};
		7592586A27A095BA00D3E07C /* Release */ = {
			isa = XCBuildConfiguration;
			buildSettings = {
				ALWAYS_EMBED_SWIFT_STANDARD_LIBRARIES = YES;
				BUNDLE_LOADER = "$(TEST_HOST)";
				CODE_SIGN_STYLE = Automatic;
				CURRENT_PROJECT_VERSION = 1;
				GENERATE_INFOPLIST_FILE = YES;
				IPHONEOS_DEPLOYMENT_TARGET = 15.2;
				MARKETING_VERSION = 1.0;
				PRODUCT_BUNDLE_IDENTIFIER = NWMSU.VowelsAppTests;
				PRODUCT_NAME = "$(TARGET_NAME)";
				SWIFT_EMIT_LOC_STRINGS = NO;
				SWIFT_VERSION = 5.0;
				TARGETED_DEVICE_FAMILY = "1,2";
				TEST_HOST = "$(BUILT_PRODUCTS_DIR)/VowelsApp.app/VowelsApp";
			};
			name = Release;
		};
		7592586C27A095BA00D3E07C /* Debug */ = {
			isa = XCBuildConfiguration;
			buildSettings = {
				ALWAYS_EMBED_SWIFT_STANDARD_LIBRARIES = YES;
				CODE_SIGN_STYLE = Automatic;
				CURRENT_PROJECT_VERSION = 1;
				GENERATE_INFOPLIST_FILE = YES;
				MARKETING_VERSION = 1.0;
				PRODUCT_BUNDLE_IDENTIFIER = NWMSU.VowelsAppUITests;
				PRODUCT_NAME = "$(TARGET_NAME)";
				SWIFT_EMIT_LOC_STRINGS = NO;
				SWIFT_VERSION = 5.0;
				TARGETED_DEVICE_FAMILY = "1,2";
				TEST_TARGET_NAME = VowelsApp;
			};
			name = Debug;
		};
		7592586D27A095BA00D3E07C /* Release */ = {
			isa = XCBuildConfiguration;
			buildSettings = {
				ALWAYS_EMBED_SWIFT_STANDARD_LIBRARIES = YES;
				CODE_SIGN_STYLE = Automatic;
				CURRENT_PROJECT_VERSION = 1;
				GENERATE_INFOPLIST_FILE = YES;
				MARKETING_VERSION = 1.0;
				PRODUCT_BUNDLE_IDENTIFIER = NWMSU.VowelsAppUITests;
				PRODUCT_NAME = "$(TARGET_NAME)";
				SWIFT_EMIT_LOC_STRINGS = NO;
				SWIFT_VERSION = 5.0;
				TARGETED_DEVICE_FAMILY = "1,2";
				TEST_TARGET_NAME = VowelsApp;
			};
			name = Release;
		};
/* End XCBuildConfiguration section */

/* Begin XCConfigurationList section */
		7592583627A095B700D3E07C /* Build configuration list for PBXProject "VowelsApp" */ = {
			isa = XCConfigurationList;
			buildConfigurations = (
				7592586327A095BA00D3E07C /* Debug */,
				7592586427A095BA00D3E07C /* Release */,
			);
			defaultConfigurationIsVisible = 0;
			defaultConfigurationName = Release;
		};
		7592586527A095BA00D3E07C /* Build configuration list for PBXNativeTarget "VowelsApp" */ = {
			isa = XCConfigurationList;
			buildConfigurations = (
				7592586627A095BA00D3E07C /* Debug */,
				7592586727A095BA00D3E07C /* Release */,
			);
			defaultConfigurationIsVisible = 0;
			defaultConfigurationName = Release;
		};
		7592586827A095BA00D3E07C /* Build configuration list for PBXNativeTarget "VowelsAppTests" */ = {
			isa = XCConfigurationList;
			buildConfigurations = (
				7592586927A095BA00D3E07C /* Debug */,
				7592586A27A095BA00D3E07C /* Release */,
			);
			defaultConfigurationIsVisible = 0;
			defaultConfigurationName = Release;
		};
		7592586B27A095BA00D3E07C /* Build configuration list for PBXNativeTarget "VowelsAppUITests" */ = {
			isa = XCConfigurationList;
			buildConfigurations = (
				7592586C27A095BA00D3E07C /* Debug */,
				7592586D27A095BA00D3E07C /* Release */,
			);
			defaultConfigurationIsVisible = 0;
			defaultConfigurationName = Release;
		};
/* End XCConfigurationList section */
	};
	rootObject = 7592583327A095B700D3E07C /* Project object */;
}
